
Microsoft Visual Studio Solution File, Format Version 12.00
# Visual Studio Version 17
VisualStudioVersion = 17.5.002.0
MinimumVisualStudioVersion = 10.0.40219.1
Project("{9A19103F-16F7-4668-BE54-9A1E7A4F7556}") = "backend", "backend\backend.csproj", "{72928DF3-D0AB-4428-9273-AF902083EEEC}"
EndProject
Global
	GlobalSection(SolutionConfigurationPlatforms) = preSolution
		Debug|Any CPU = Debug|Any CPU
		Release|Any CPU = Release|Any CPU
	EndGlobalSection
	GlobalSection(ProjectConfigurationPlatforms) = postSolution
		{72928DF3-D0AB-4428-9273-AF902083EEEC}.Debug|Any CPU.ActiveCfg = Debug|Any CPU
		{72928DF3-D0AB-4428-9273-AF902083EEEC}.Debug|Any CPU.Build.0 = Debug|Any CPU
		{72928DF3-D0AB-4428-9273-AF902083EEEC}.Release|Any CPU.ActiveCfg = Release|Any CPU
		{72928DF3-D0AB-4428-9273-AF902083EEEC}.Release|Any CPU.Build.0 = Release|Any CPU
	EndGlobalSection
	GlobalSection(SolutionProperties) = preSolution
		HideSolutionNode = FALSE
	EndGlobalSection
	GlobalSection(ExtensibilityGlobals) = postSolution
		SolutionGuid = {4DC320AD-C747-4BDD-A6AC-D5106CD5C49B}
	EndGlobalSection
EndGlobal
